<?xml version="1.0" encoding="utf-8"?>
<Project ToolsVersion="4.0" xmlns="http://schemas.microsoft.com/developer/msbuild/2003">
  <ItemGroup>
    <Filter Include="Assets">
      <UniqueIdentifier>{3824E0A7-24C6-0A7E-0D81-1ED2F9C191CE}</UniqueIdentifier>
    </Filter>
    <Filter Include="Assets\Textures">
      <UniqueIdentifier>{0B35254A-77C0-920E-80D1-1503ECDBEE0E}</UniqueIdentifier>
    </Filter>
    <Filter Include="src">
      <UniqueIdentifier>{2DAB880B-99B4-887C-2230-9F7C8E38947C}</UniqueIdentifier>
    </Filter>
  </ItemGroup>
  <ItemGroup>
    <ClInclude Include="src\DisplayNews.h">
      <Filter>src</Filter>
    </ClInclude>
    <ClInclude Include="src\ImGuiInputText.h">
      <Filter>src</Filter>
    </ClInclude>
    <ClInclude Include="src\Sandbox2dApp.h">
      <Filter>src</Filter>
    </ClInclude>
  </ItemGroup>
  <ItemGroup>
    <ClCompile Include="src\DisplayNews.cpp">
      <Filter>src</Filter>
    </ClCompile>
    <ClCompile Include="src\ImGuiInputText.cpp">
      <Filter>src</Filter>
    </ClCompile>
    <ClCompile Include="src\Sandbox2dApp.cpp">
      <Filter>src</Filter>
    </ClCompile>
    <ClCompile Include="src\SandboxApp.cpp">
      <Filter>src</Filter>
    </ClCompile>
  </ItemGroup>
  <ItemGroup>
    <Image Include="Assets\Textures\RPGpack_sheet_2X.png">
      <Filter>Assets\Textures</Filter>
    </Image>
    <Image Include="Assets\Textures\Test.png">
      <Filter>Assets\Textures</Filter>
    </Image>
    <Image Include="Assets\Textures\img_0.png">
      <Filter>Assets\Textures</Filter>
    </Image>
    <Image Include="Assets\Textures\img_2.png">
      <Filter>Assets\Textures</Filter>
    </Image>
    <Image Include="Assets\Textures\img_3.png">
      <Filter>Assets\Textures</Filter>
    </Image>
    <Image Include="Assets\Textures\rickshaw.png">
      <Filter>Assets\Textures</Filter>
    </Image>
  </ItemGroup>
</Project>