<?xml version="1.0" encoding="utf-8"?>
<Project ToolsVersion="4.0" xmlns="http://schemas.microsoft.com/developer/msbuild/2003">
  <ItemGroup>
    <Filter Include="src">
      <UniqueIdentifier>{2DAB880B-99B4-887C-2230-9F7C8E38947C}</UniqueIdentifier>
    </Filter>
    <Filter Include="src\Hazel">
      <UniqueIdentifier>{F0370AB3-5CA2-BE29-A5E0-6FCF118A9C7E}</UniqueIdentifier>
    </Filter>
    <Filter Include="src\Hazel\Core">
      <UniqueIdentifier>{48D253A8-34A0-47AE-1D34-B8D409A12313}</UniqueIdentifier>
    </Filter>
    <Filter Include="src\Hazel\Debug">
      <UniqueIdentifier>{6676DAB2-D201-4877-DB12-CB6B471DA477}</UniqueIdentifier>
    </Filter>
    <Filter Include="src\Hazel\Events">
      <UniqueIdentifier>{D495B311-C08E-D263-E9C0-B7E8D518B26F}</UniqueIdentifier>
    </Filter>
    <Filter Include="src\Hazel\ImGui">
      <UniqueIdentifier>{1AE138B3-866C-A677-8F7D-296CFB870278}</UniqueIdentifier>
    </Filter>
    <Filter Include="src\Hazel\Renderer">
      <UniqueIdentifier>{9669EB43-824D-AC99-EBAD-A6ECD7B0961B}</UniqueIdentifier>
    </Filter>
    <Filter Include="src\Hazel\Renderer\Camareas">
      <UniqueIdentifier>{C2E044F8-2EEE-72DE-B7D4-6EC923E13E95}</UniqueIdentifier>
    </Filter>
    <Filter Include="src\Hazel\Scene">
      <UniqueIdentifier>{0DD9E8B3-7964-5678-8275-D96CEE7FB278}</UniqueIdentifier>
    </Filter>
    <Filter Include="src\Hazel\platform">
      <UniqueIdentifier>{64FE48F1-50E2-0947-B942-049AA545F4C8}</UniqueIdentifier>
    </Filter>
    <Filter Include="src\Hazel\platform\Opengl">
      <UniqueIdentifier>{5813932D-C4D5-C6B7-0D86-554479879F95}</UniqueIdentifier>
    </Filter>
    <Filter Include="vendor">
      <UniqueIdentifier>{B3738122-9F15-ACF8-88D0-BF4C74113349}</UniqueIdentifier>
    </Filter>
    <Filter Include="vendor\entt">
      <UniqueIdentifier>{DD8078C1-4936-F1B6-D22A-EB8D3EDFE7BA}</UniqueIdentifier>
    </Filter>
    <Filter Include="vendor\stb_image">
      <UniqueIdentifier>{0DA0BA59-F998-D9AB-22CB-BE300E23B9B7}</UniqueIdentifier>
    </Filter>
  </ItemGroup>
  <ItemGroup>
    <ClInclude Include="src\Hazel.h">
      <Filter>src</Filter>
    </ClInclude>
    <ClInclude Include="src\Hazel\Application.h">
      <Filter>src\Hazel</Filter>
    </ClInclude>
    <ClInclude Include="src\Hazel\Core.h">
      <Filter>src\Hazel</Filter>
    </ClInclude>
    <ClInclude Include="src\Hazel\Core\TimeSteps.h">
      <Filter>src\Hazel\Core</Filter>
    </ClInclude>
    <ClInclude Include="src\Hazel\Debug\Instrumentation.h">
      <Filter>src\Hazel\Debug</Filter>
    </ClInclude>
    <ClInclude Include="src\Hazel\EntryPoint.h">
      <Filter>src\Hazel</Filter>
    </ClInclude>
    <ClInclude Include="src\Hazel\Events\ApplicationEvent.h">
      <Filter>src\Hazel\Events</Filter>
    </ClInclude>
    <ClInclude Include="src\Hazel\Events\Event.h">
      <Filter>src\Hazel\Events</Filter>
    </ClInclude>
    <ClInclude Include="src\Hazel\Events\KeyEvent.h">
      <Filter>src\Hazel\Events</Filter>
    </ClInclude>
    <ClInclude Include="src\Hazel\Events\MouseEvent.h">
      <Filter>src\Hazel\Events</Filter>
    </ClInclude>
    <ClInclude Include="src\Hazel\HazelCodes.h">
      <Filter>src\Hazel</Filter>
    </ClInclude>
    <ClInclude Include="src\Hazel\ImGui\ImGuiLayer.h">
      <Filter>src\Hazel\ImGui</Filter>
    </ClInclude>
    <ClInclude Include="src\Hazel\Input.h">
      <Filter>src\Hazel</Filter>
    </ClInclude>
    <ClInclude Include="src\Hazel\Layer.h">
      <Filter>src\Hazel</Filter>
    </ClInclude>
    <ClInclude Include="src\Hazel\LayerStack.h">
      <Filter>src\Hazel</Filter>
    </ClInclude>
    <ClInclude Include="src\Hazel\Log.h">
      <Filter>src\Hazel</Filter>
    </ClInclude>
    <ClInclude Include="src\Hazel\OrthographicCameraController.h">
      <Filter>src\Hazel</Filter>
    </ClInclude>
    <ClInclude Include="src\Hazel\Renderer\Buffer.h">
      <Filter>src\Hazel\Renderer</Filter>
    </ClInclude>
    <ClInclude Include="src\Hazel\Renderer\Camareas\Camera.h">
      <Filter>src\Hazel\Renderer\Camareas</Filter>
    </ClInclude>
    <ClInclude Include="src\Hazel\Renderer\Camareas\SceneCamera.h">
      <Filter>src\Hazel\Renderer\Camareas</Filter>
    </ClInclude>
    <ClInclude Include="src\Hazel\Renderer\FrameBuffer.h">
      <Filter>src\Hazel\Renderer</Filter>
    </ClInclude>
    <ClInclude Include="src\Hazel\Renderer\GraphicsContext.h">
      <Filter>src\Hazel\Renderer</Filter>
    </ClInclude>
    <ClInclude Include="src\Hazel\Renderer\OrthographicCamera.h">
      <Filter>src\Hazel\Renderer</Filter>
    </ClInclude>
    <ClInclude Include="src\Hazel\Renderer\RenderCommand.h">
      <Filter>src\Hazel\Renderer</Filter>
    </ClInclude>
    <ClInclude Include="src\Hazel\Renderer\Renderer.h">
      <Filter>src\Hazel\Renderer</Filter>
    </ClInclude>
    <ClInclude Include="src\Hazel\Renderer\Renderer2D.h">
      <Filter>src\Hazel\Renderer</Filter>
    </ClInclude>
    <ClInclude Include="src\Hazel\Renderer\RendererAPI.h">
      <Filter>src\Hazel\Renderer</Filter>
    </ClInclude>
    <ClInclude Include="src\Hazel\Renderer\Shader.h">
      <Filter>src\Hazel\Renderer</Filter>
    </ClInclude>
    <ClInclude Include="src\Hazel\Renderer\SubTexture.h">
      <Filter>src\Hazel\Renderer</Filter>
    </ClInclude>
    <ClInclude Include="src\Hazel\Renderer\Texture.h">
      <Filter>src\Hazel\Renderer</Filter>
    </ClInclude>
    <ClInclude Include="src\Hazel\Scene\Component.h">
      <Filter>src\Hazel\Scene</Filter>
    </ClInclude>
    <ClInclude Include="src\Hazel\Scene\Entity.h">
      <Filter>src\Hazel\Scene</Filter>
    </ClInclude>
    <ClInclude Include="src\Hazel\Scene\Scene.h">
      <Filter>src\Hazel\Scene</Filter>
    </ClInclude>
    <ClInclude Include="src\Hazel\Scene\ScriptableEntity.h">
      <Filter>src\Hazel\Scene</Filter>
    </ClInclude>
    <ClInclude Include="src\Hazel\Window.h">
      <Filter>src\Hazel</Filter>
    </ClInclude>
    <ClInclude Include="src\Hazel\platform\Opengl\OpenGlBuffer.h">
      <Filter>src\Hazel\platform\Opengl</Filter>
    </ClInclude>
    <ClInclude Include="src\Hazel\platform\Opengl\OpenGlContext.h">
      <Filter>src\Hazel\platform\Opengl</Filter>
    </ClInclude>
    <ClInclude Include="src\Hazel\platform\Opengl\OpenGlFrameBuffer.h">
      <Filter>src\Hazel\platform\Opengl</Filter>
    </ClInclude>
    <ClInclude Include="src\Hazel\platform\Opengl\OpenGlRendererAPI.h">
      <Filter>src\Hazel\platform\Opengl</Filter>
    </ClInclude>
    <ClInclude Include="src\Hazel\platform\Opengl\OpenGlShader.h">
      <Filter>src\Hazel\platform\Opengl</Filter>
    </ClInclude>
    <ClInclude Include="src\Hazel\platform\Opengl\OpenGlTexture2D.h">
      <Filter>src\Hazel\platform\Opengl</Filter>
    </ClInclude>
    <ClInclude Include="src\Hazel\platform\Opengl\OpenglVertexArray.h">
      <Filter>src\Hazel\platform\Opengl</Filter>
    </ClInclude>
    <ClInclude Include="src\Hazel\platform\WindowsInput.h">
      <Filter>src\Hazel\platform</Filter>
    </ClInclude>
    <ClInclude Include="src\Hazel\platform\WindowsWindow.h">
      <Filter>src\Hazel\platform</Filter>
    </ClInclude>
    <ClInclude Include="src\hzpch.h">
      <Filter>src</Filter>
    </ClInclude>
    <ClInclude Include="vendor\entt\entt.hpp">
      <Filter>vendor\entt</Filter>
    </ClInclude>
    <ClInclude Include="vendor\stb_image\stb_image.h">
      <Filter>vendor\stb_image</Filter>
    </ClInclude>
  </ItemGroup>
  <ItemGroup>
    <ClCompile Include="src\Hazel\Application.cpp">
      <Filter>src\Hazel</Filter>
    </ClCompile>
    <ClCompile Include="src\Hazel\ImGui\ImGuiBuild.cpp">
      <Filter>src\Hazel\ImGui</Filter>
    </ClCompile>
    <ClCompile Include="src\Hazel\ImGui\ImGuiLayer.cpp">
      <Filter>src\Hazel\ImGui</Filter>
    </ClCompile>
    <ClCompile Include="src\Hazel\Layer.cpp">
      <Filter>src\Hazel</Filter>
    </ClCompile>
    <ClCompile Include="src\Hazel\LayerStack.cpp">
      <Filter>src\Hazel</Filter>
    </ClCompile>
    <ClCompile Include="src\Hazel\Log.cpp">
      <Filter>src\Hazel</Filter>
    </ClCompile>
    <ClCompile Include="src\Hazel\OrthographicCameraController.cpp">
      <Filter>src\Hazel</Filter>
    </ClCompile>
    <ClCompile Include="src\Hazel\Renderer\Buffer.cpp">
      <Filter>src\Hazel\Renderer</Filter>
    </ClCompile>
    <ClCompile Include="src\Hazel\Renderer\Camareas\Camera.cpp">
      <Filter>src\Hazel\Renderer\Camareas</Filter>
    </ClCompile>
    <ClCompile Include="src\Hazel\Renderer\Camareas\SceneCamera.cpp">
      <Filter>src\Hazel\Renderer\Camareas</Filter>
    </ClCompile>
    <ClCompile Include="src\Hazel\Renderer\FrameBuffer.cpp">
      <Filter>src\Hazel\Renderer</Filter>
    </ClCompile>
    <ClCompile Include="src\Hazel\Renderer\GraphicsContext.cpp">
      <Filter>src\Hazel\Renderer</Filter>
    </ClCompile>
    <ClCompile Include="src\Hazel\Renderer\OrthographicCamera.cpp">
      <Filter>src\Hazel\Renderer</Filter>
    </ClCompile>
    <ClCompile Include="src\Hazel\Renderer\RenderCommand.cpp">
      <Filter>src\Hazel\Renderer</Filter>
    </ClCompile>
    <ClCompile Include="src\Hazel\Renderer\Renderer.cpp">
      <Filter>src\Hazel\Renderer</Filter>
    </ClCompile>
    <ClCompile Include="src\Hazel\Renderer\Renderer2D.cpp">
      <Filter>src\Hazel\Renderer</Filter>
    </ClCompile>
    <ClCompile Include="src\Hazel\Renderer\RendererAPI.cpp">
      <Filter>src\Hazel\Renderer</Filter>
    </ClCompile>
    <ClCompile Include="src\Hazel\Renderer\Shader.cpp">
      <Filter>src\Hazel\Renderer</Filter>
    </ClCompile>
    <ClCompile Include="src\Hazel\Renderer\SubTexture.cpp">
      <Filter>src\Hazel\Renderer</Filter>
    </ClCompile>
    <ClCompile Include="src\Hazel\Renderer\Texture.cpp">
      <Filter>src\Hazel\Renderer</Filter>
    </ClCompile>
    <ClCompile Include="src\Hazel\Scene\Entity.cpp">
      <Filter>src\Hazel\Scene</Filter>
    </ClCompile>
    <ClCompile Include="src\Hazel\Scene\Scene.cpp">
      <Filter>src\Hazel\Scene</Filter>
    </ClCompile>
    <ClCompile Include="src\Hazel\Window.cpp">
      <Filter>src\Hazel</Filter>
    </ClCompile>
    <ClCompile Include="src\Hazel\platform\Opengl\OpenGlBuffer.cpp">
      <Filter>src\Hazel\platform\Opengl</Filter>
    </ClCompile>
    <ClCompile Include="src\Hazel\platform\Opengl\OpenGlContext.cpp">
      <Filter>src\Hazel\platform\Opengl</Filter>
    </ClCompile>
    <ClCompile Include="src\Hazel\platform\Opengl\OpenGlFrameBuffer.cpp">
      <Filter>src\Hazel\platform\Opengl</Filter>
    </ClCompile>
    <ClCompile Include="src\Hazel\platform\Opengl\OpenGlRendererAPI.cpp">
      <Filter>src\Hazel\platform\Opengl</Filter>
    </ClCompile>
    <ClCompile Include="src\Hazel\platform\Opengl\OpenGlShader.cpp">
      <Filter>src\Hazel\platform\Opengl</Filter>
    </ClCompile>
    <ClCompile Include="src\Hazel\platform\Opengl\OpenGlTexture2D.cpp">
      <Filter>src\Hazel\platform\Opengl</Filter>
    </ClCompile>
    <ClCompile Include="src\Hazel\platform\Opengl\OpenglVertexArray.cpp">
      <Filter>src\Hazel\platform\Opengl</Filter>
    </ClCompile>
    <ClCompile Include="src\Hazel\platform\WindowsInput.cpp">
      <Filter>src\Hazel\platform</Filter>
    </ClCompile>
    <ClCompile Include="src\Hazel\platform\WindowsWindow.cpp">
      <Filter>src\Hazel\platform</Filter>
    </ClCompile>
    <ClCompile Include="src\hzpch.cpp">
      <Filter>src</Filter>
    </ClCompile>
    <ClCompile Include="vendor\stb_image\stb_image.cpp">
      <Filter>vendor\stb_image</Filter>
    </ClCompile>
  </ItemGroup>
</Project>