<?xml version="1.0" encoding="utf-8"?>
<Project ToolsVersion="4.0" xmlns="http://schemas.microsoft.com/developer/msbuild/2003">
  <ItemGroup>
    <Filter Include="Assets">
      <UniqueIdentifier>{3824E0A7-24C6-0A7E-0D81-1ED2F9C191CE}</UniqueIdentifier>
    </Filter>
    <Filter Include="Assets\Textures">
      <UniqueIdentifier>{0B35254A-77C0-920E-80D1-1503ECDBEE0E}</UniqueIdentifier>
    </Filter>
    <Filter Include="Assets\Textures\Interior-Cube-Map">
      <UniqueIdentifier>{3DA10909-A90F-5F88-F2F8-19885EA65424}</UniqueIdentifier>
    </Filter>
    <Filter Include="Assets\Textures\MeshTextures">
      <UniqueIdentifier>{4B5330C7-370E-2073-E0C5-98BDCC5F6A03}</UniqueIdentifier>
    </Filter>
    <Filter Include="Assets\Textures\Outdoor-Cube-Map">
      <UniqueIdentifier>{DDBECBBF-C90F-B701-F273-A5C3DE234A6B}</UniqueIdentifier>
    </Filter>
    <Filter Include="src">
      <UniqueIdentifier>{2DAB880B-99B4-887C-2230-9F7C8E38947C}</UniqueIdentifier>
    </Filter>
    <Filter Include="src\Pannels">
      <UniqueIdentifier>{ED937505-5949-EEFA-E23D-E8D14EF2E4FE}</UniqueIdentifier>
    </Filter>
  </ItemGroup>
  <ItemGroup>
    <ClInclude Include="src\CustomScript.h">
      <Filter>src</Filter>
    </ClInclude>
    <ClInclude Include="src\HazelEditor.h">
      <Filter>src</Filter>
    </ClInclude>
    <ClInclude Include="src\Pannels\SceneHierarchy.h">
      <Filter>src\Pannels</Filter>
    </ClInclude>
  </ItemGroup>
  <ItemGroup>
    <ClCompile Include="src\HazelEditor.cpp">
      <Filter>src</Filter>
    </ClCompile>
    <ClCompile Include="src\Pannels\SceneHierarchy.cpp">
      <Filter>src\Pannels</Filter>
    </ClCompile>
    <ClCompile Include="src\SandboxApp.cpp">
      <Filter>src</Filter>
    </ClCompile>
  </ItemGroup>
  <ItemGroup>
    <Image Include="Assets\Textures\Interior-Cube-Map\0.png">
      <Filter>Assets\Textures\Interior-Cube-Map</Filter>
    </Image>
    <Image Include="Assets\Textures\Interior-Cube-Map\1.png">
      <Filter>Assets\Textures\Interior-Cube-Map</Filter>
    </Image>
    <Image Include="Assets\Textures\Interior-Cube-Map\2.png">
      <Filter>Assets\Textures\Interior-Cube-Map</Filter>
    </Image>
    <Image Include="Assets\Textures\Interior-Cube-Map\3.png">
      <Filter>Assets\Textures\Interior-Cube-Map</Filter>
    </Image>
    <Image Include="Assets\Textures\Interior-Cube-Map\4.png">
      <Filter>Assets\Textures\Interior-Cube-Map</Filter>
    </Image>
    <Image Include="Assets\Textures\Interior-Cube-Map\5.png">
      <Filter>Assets\Textures\Interior-Cube-Map</Filter>
    </Image>
    <Image Include="Assets\Textures\MeshTextures\BarkAI_Spec.png">
      <Filter>Assets\Textures\MeshTextures</Filter>
    </Image>
    <Image Include="Assets\Textures\MeshTextures\Grass 2K.png">
      <Filter>Assets\Textures\MeshTextures</Filter>
    </Image>
    <Image Include="Assets\Textures\MeshTextures\GrassUE5_D.png">
      <Filter>Assets\Textures\MeshTextures</Filter>
    </Image>
    <Image Include="Assets\Textures\MeshTextures\GrassUE5_N.png">
      <Filter>Assets\Textures\MeshTextures</Filter>
    </Image>
    <Image Include="Assets\Textures\MeshTextures\GrassUE5_ORA.png">
      <Filter>Assets\Textures\MeshTextures</Filter>
    </Image>
    <Image Include="Assets\Textures\MeshTextures\Grass_Normal.png">
      <Filter>Assets\Textures\MeshTextures</Filter>
    </Image>
    <Image Include="Assets\Textures\MeshTextures\Grass_ORA.png">
      <Filter>Assets\Textures\MeshTextures</Filter>
    </Image>
    <Image Include="Assets\Textures\Outdoor-Cube-Map\0.png">
      <Filter>Assets\Textures\Outdoor-Cube-Map</Filter>
    </Image>
    <Image Include="Assets\Textures\Outdoor-Cube-Map\1.png">
      <Filter>Assets\Textures\Outdoor-Cube-Map</Filter>
    </Image>
    <Image Include="Assets\Textures\Outdoor-Cube-Map\2.png">
      <Filter>Assets\Textures\Outdoor-Cube-Map</Filter>
    </Image>
    <Image Include="Assets\Textures\Outdoor-Cube-Map\3.png">
      <Filter>Assets\Textures\Outdoor-Cube-Map</Filter>
    </Image>
    <Image Include="Assets\Textures\Outdoor-Cube-Map\4.png">
      <Filter>Assets\Textures\Outdoor-Cube-Map</Filter>
    </Image>
    <Image Include="Assets\Textures\Outdoor-Cube-Map\5.png">
      <Filter>Assets\Textures\Outdoor-Cube-Map</Filter>
    </Image>
    <Image Include="Assets\Textures\PerlinTexture.png">
      <Filter>Assets\Textures</Filter>
    </Image>
    <Image Include="Assets\Textures\RPGpack_sheet_2X.png">
      <Filter>Assets\Textures</Filter>
    </Image>
    <Image Include="Assets\Textures\Terrain_Height_Map.png">
      <Filter>Assets\Textures</Filter>
    </Image>
    <Image Include="Assets\Textures\Terrain_Height_Map2.png">
      <Filter>Assets\Textures</Filter>
    </Image>
    <Image Include="Assets\Textures\Test.png">
      <Filter>Assets\Textures</Filter>
    </Image>
    <Image Include="Assets\Textures\grass_mask.png">
      <Filter>Assets\Textures</Filter>
    </Image>
    <Image Include="Assets\Textures\rickshaw.png">
      <Filter>Assets\Textures</Filter>
    </Image>
  </ItemGroup>
  <ItemGroup>
    <None Include="Assets\Shaders\cs_GrassPlacement.glsl" />
    <None Include="Assets\Shaders\pp_fogShader.glsl" />
  </ItemGroup>
</Project>